{
  "name": "chat_app",
  "lockfileVersion": 2,
  "requires": true,
  "packages": {
    "": {
      "dependencies": {
        "logrocket": "^2.2.1"
      }
    },
    "node_modules/logrocket": {
      "version": "2.2.1",
      "resolved": "https://registry.npmjs.org/logrocket/-/logrocket-2.2.1.tgz",
      "integrity": "sha512-yf+iaZNuB13RjNFHzEWvj76G5nVzpl1u6p0wOnWOyLbOJflJJEIMBO81VEOtDUawFYeus8Xprsdfofb+KRqoCQ=="
    }
  },
  "dependencies": {
    "logrocket": {
      "version": "2.2.1",
      "resolved": "https://registry.npmjs.org/logrocket/-/logrocket-2.2.1.tgz",
      "integrity": "sha512-yf+iaZNuB13RjNFHzEWvj76G5nVzpl1u6p0wOnWOyLbOJflJJEIMBO81VEOtDUawFYeus8Xprsdfofb+KRqoCQ=="
    }
  }
}
